# THIS IS AN AUTOGENERATED FILE. DO NOT EDIT THIS FILE DIRECTLY.
# yarn lockfile v1


"@types/aws-lambda@^8.10.39":
  version "8.10.83"
  resolved "https://registry.yarnpkg.com/@types/aws-lambda/-/aws-lambda-8.10.83.tgz#66db06cedb7476e860e8655e4387fd2e4385433a"
  integrity sha512-7YsLv/B8rF7K7jYAGmYBxLq3QU+hQV7qNJBMcSCmJCTcXuzoTKGBX8d4v9CsVs0SOKBSAErXG7rtk8jVxiP30g==

"@types/faker@^4.1.12":
  version "4.1.12"
  resolved "https://registry.yarnpkg.com/@types/faker/-/faker-4.1.12.tgz#065d37343677df1aa757c622650bd14666c42602"
  integrity sha512-0MEyzJrLLs1WaOCx9ULK6FzdCSj2EuxdSP9kvuxxdBEGujZYUOZ4vkPXdgu3dhyg/pOdn7VCatelYX7k0YShlA==

"@types/node@^16.10.2":
  version "16.10.2"
  resolved "https://registry.yarnpkg.com/@types/node/-/node-16.10.2.tgz#5764ca9aa94470adb4e1185fe2e9f19458992b2e"
  integrity sha512-zCclL4/rx+W5SQTzFs9wyvvyCwoK9QtBpratqz2IYJ3O8Umrn0m3nsTv0wQBk9sRGpvUe9CwPDrQFB10f1FIjQ==

dayjs@^1.8.28:
  version "1.10.7"
  resolved "https://registry.yarnpkg.com/dayjs/-/dayjs-1.10.7.tgz#2cf5f91add28116748440866a0a1d26f3a6ce468"
  integrity sha512-P6twpd70BcPK34K26uJ1KT3wlhpuOAPoMwJzpsIWUxHZ7wpmbdZL/hQqBDfz7hGurYSa5PhzdhDHtt319hL3ig==
