# THIS IS AN AUTOGENERATED FILE. DO NOT EDIT THIS FILE DIRECTLY.
# yarn lockfile v1


"@es-lynn/devtools@^0.0.0-next.11":
  version "0.0.0-next.11"
  resolved "https://registry.yarnpkg.com/@es-lynn/devtools/-/devtools-0.0.0-next.11.tgz#64fc3b9d54fc2af1057f6d77dd1e22c709bbcdcf"
  integrity sha512-YRSsvqWJM4h4eguwg7KNEKEorOZzfpJ4QolKG/2bGzTOwfpblPshBq7uUdgn2KuQHOoypyOnCLms9FM6rakW1Q==
  dependencies:
    "@es-lynn/utils" "^0.0.0"

"@es-lynn/utils@^0.0.0":
  version "0.0.0-next.0"
  resolved "https://registry.yarnpkg.com/@es-lynn/utils/-/utils-0.0.0-next.0.tgz#818b5ade513fc61ca10b229f205a1bc0e51a9e25"
  integrity sha512-7dg3aMWIdKTpD7OxNXiBE+1W3daQMHkrStwwbyu4ME6jU64QDnGi07+JiFz0wTJu3op5tjCNcNJHb1vmAXmYMw==
  dependencies:
    dayjs "^1.8.28"

dayjs@^1.10.7, dayjs@^1.8.28:
  version "1.10.7"
  resolved "https://registry.yarnpkg.com/dayjs/-/dayjs-1.10.7.tgz#2cf5f91add28116748440866a0a1d26f3a6ce468"
  integrity sha512-P6twpd70BcPK34K26uJ1KT3wlhpuOAPoMwJzpsIWUxHZ7wpmbdZL/hQqBDfz7hGurYSa5PhzdhDHtt319hL3ig==
